// !$*UTF8*$!
{
	archiveVersion = 1;
	classes = {
	};
	objectVersion = 48;
	objects = {

/* Begin PBXBuildFile section */
		216D09C4887BA58DF893397D /* Pods_JBWTest.framework in Frameworks */ = {isa = PBXBuildFile; fileRef = 374ED5CA18D5D4B65270BB80 /* Pods_JBWTest.framework */; };
		9FA59FE1204ADF3E00DAD23D /* AppDelegate.swift in Sources */ = {isa = PBXBuildFile; fileRef = 9FA59FE0204ADF3D00DAD23D /* AppDelegate.swift */; };
		9FA59FE6204ADF3E00DAD23D /* Main.storyboard in Resources */ = {isa = PBXBuildFile; fileRef = 9FA59FE4204ADF3E00DAD23D /* Main.storyboard */; };
		9FA59FE8204ADF3E00DAD23D /* Assets.xcassets in Resources */ = {isa = PBXBuildFile; fileRef = 9FA59FE7204ADF3E00DAD23D /* Assets.xcassets */; };
		9FA59FEB204ADF3E00DAD23D /* LaunchScreen.storyboard in Resources */ = {isa = PBXBuildFile; fileRef = 9FA59FE9204ADF3E00DAD23D /* LaunchScreen.storyboard */; };
		9FA59FF5204AE11D00DAD23D /* LoginViewController.swift in Sources */ = {isa = PBXBuildFile; fileRef = 9FA59FF4204AE11D00DAD23D /* LoginViewController.swift */; };
		9FA59FF7204AE13B00DAD23D /* RegistrationViewController.swift in Sources */ = {isa = PBXBuildFile; fileRef = 9FA59FF6204AE13B00DAD23D /* RegistrationViewController.swift */; };
		9FA59FF9204AE18200DAD23D /* LettersViewController.swift in Sources */ = {isa = PBXBuildFile; fileRef = 9FA59FF8204AE18200DAD23D /* LettersViewController.swift */; };
		9FA59FFB204AF33900DAD23D /* SelectLocaleViewController.swift in Sources */ = {isa = PBXBuildFile; fileRef = 9FA59FFA204AF33900DAD23D /* SelectLocaleViewController.swift */; };
/* End PBXBuildFile section */

/* Begin PBXFileReference section */
		374ED5CA18D5D4B65270BB80 /* Pods_JBWTest.framework */ = {isa = PBXFileReference; explicitFileType = wrapper.framework; includeInIndex = 0; path = Pods_JBWTest.framework; sourceTree = BUILT_PRODUCTS_DIR; };
		9FA59FDD204ADF3D00DAD23D /* JBWTest.app */ = {isa = PBXFileReference; explicitFileType = wrapper.application; includeInIndex = 0; path = JBWTest.app; sourceTree = BUILT_PRODUCTS_DIR; };
		9FA59FE0204ADF3D00DAD23D /* AppDelegate.swift */ = {isa = PBXFileReference; lastKnownFileType = sourcecode.swift; path = AppDelegate.swift; sourceTree = "<group>"; };
		9FA59FE5204ADF3E00DAD23D /* Base */ = {isa = PBXFileReference; lastKnownFileType = file.storyboard; name = Base; path = Base.lproj/Main.storyboard; sourceTree = "<group>"; };
		9FA59FE7204ADF3E00DAD23D /* Assets.xcassets */ = {isa = PBXFileReference; lastKnownFileType = folder.assetcatalog; path = Assets.xcassets; sourceTree = "<group>"; };
		9FA59FEA204ADF3E00DAD23D /* Base */ = {isa = PBXFileReference; lastKnownFileType = file.storyboard; name = Base; path = Base.lproj/LaunchScreen.storyboard; sourceTree = "<group>"; };
		9FA59FEC204ADF3E00DAD23D /* Info.plist */ = {isa = PBXFileReference; lastKnownFileType = text.plist.xml; path = Info.plist; sourceTree = "<group>"; };
		9FA59FF4204AE11D00DAD23D /* LoginViewController.swift */ = {isa = PBXFileReference; lastKnownFileType = sourcecode.swift; path = LoginViewController.swift; sourceTree = "<group>"; };
		9FA59FF6204AE13B00DAD23D /* RegistrationViewController.swift */ = {isa = PBXFileReference; lastKnownFileType = sourcecode.swift; path = RegistrationViewController.swift; sourceTree = "<group>"; };
		9FA59FF8204AE18200DAD23D /* LettersViewController.swift */ = {isa = PBXFileReference; lastKnownFileType = sourcecode.swift; path = LettersViewController.swift; sourceTree = "<group>"; };
		9FA59FFA204AF33900DAD23D /* SelectLocaleViewController.swift */ = {isa = PBXFileReference; lastKnownFileType = sourcecode.swift; path = SelectLocaleViewController.swift; sourceTree = "<group>"; };
		ACC5DB1FDA746F3D2E11EDB6 /* Pods-JBWTest.release.xcconfig */ = {isa = PBXFileReference; includeInIndex = 1; lastKnownFileType = text.xcconfig; name = "Pods-JBWTest.release.xcconfig"; path = "Pods/Target Support Files/Pods-JBWTest/Pods-JBWTest.release.xcconfig"; sourceTree = "<group>"; };
		E41DD0B8C5FA9C6498B07824 /* Pods-JBWTest.debug.xcconfig */ = {isa = PBXFileReference; includeInIndex = 1; lastKnownFileType = text.xcconfig; name = "Pods-JBWTest.debug.xcconfig"; path = "Pods/Target Support Files/Pods-JBWTest/Pods-JBWTest.debug.xcconfig"; sourceTree = "<group>"; };
/* End PBXFileReference section */

/* Begin PBXFrameworksBuildPhase section */
		9FA59FDA204ADF3D00DAD23D /* Frameworks */ = {
			isa = PBXFrameworksBuildPhase;
			buildActionMask = 2147483647;
			files = (
				216D09C4887BA58DF893397D /* Pods_JBWTest.framework in Frameworks */,
			);
			runOnlyForDeploymentPostprocessing = 0;
		};
/* End PBXFrameworksBuildPhase section */

/* Begin PBXGroup section */
		01BAA76B12CF53C913F1B83F /* Frameworks */ = {
			isa = PBXGroup;
			children = (
				374ED5CA18D5D4B65270BB80 /* Pods_JBWTest.framework */,
			);
			name = Frameworks;
			sourceTree = "<group>";
		};
		9FA59FD4204ADF3D00DAD23D = {
			isa = PBXGroup;
			children = (
				9FA59FDF204ADF3D00DAD23D /* JBWTest */,
				9FA59FDE204ADF3D00DAD23D /* Products */,
				CC72B4AF49238367281CFD8B /* Pods */,
				01BAA76B12CF53C913F1B83F /* Frameworks */,
			);
			sourceTree = "<group>";
		};
		9FA59FDE204ADF3D00DAD23D /* Products */ = {
			isa = PBXGroup;
			children = (
				9FA59FDD204ADF3D00DAD23D /* JBWTest.app */,
			);
			name = Products;
			sourceTree = "<group>";
		};
		9FA59FDF204ADF3D00DAD23D /* JBWTest */ = {
			isa = PBXGroup;
			children = (
				9FA59FF3204AE10100DAD23D /* ViewControllers */,
				9FA59FF2204AE0FA00DAD23D /* Network */,
				9FA59FE0204ADF3D00DAD23D /* AppDelegate.swift */,
				9FA59FE4204ADF3E00DAD23D /* Main.storyboard */,
				9FA59FE7204ADF3E00DAD23D /* Assets.xcassets */,
				9FA59FE9204ADF3E00DAD23D /* LaunchScreen.storyboard */,
				9FA59FEC204ADF3E00DAD23D /* Info.plist */,
			);
			path = JBWTest;
			sourceTree = "<group>";
		};
		9FA59FF2204AE0FA00DAD23D /* Network */ = {
			isa = PBXGroup;
			children = (
			);
			path = Network;
			sourceTree = "<group>";
		};
		9FA59FF3204AE10100DAD23D /* ViewControllers */ = {
			isa = PBXGroup;
			children = (
				9FA59FF4204AE11D00DAD23D /* LoginViewController.swift */,
				9FA59FF6204AE13B00DAD23D /* RegistrationViewController.swift */,
				9FA59FF8204AE18200DAD23D /* LettersViewController.swift */,
				9FA59FFA204AF33900DAD23D /* SelectLocaleViewController.swift */,
			);
			path = ViewControllers;
			sourceTree = "<group>";
		};
		CC72B4AF49238367281CFD8B /* Pods */ = {
			isa = PBXGroup;
			children = (
				E41DD0B8C5FA9C6498B07824 /* Pods-JBWTest.debug.xcconfig */,
				ACC5DB1FDA746F3D2E11EDB6 /* Pods-JBWTest.release.xcconfig */,
			);
			name = Pods;
			sourceTree = "<group>";
		};
/* End PBXGroup section */

/* Begin PBXNativeTarget section */
		9FA59FDC204ADF3D00DAD23D /* JBWTest */ = {
			isa = PBXNativeTarget;
			buildConfigurationList = 9FA59FEF204ADF3E00DAD23D /* Build configuration list for PBXNativeTarget "JBWTest" */;
			buildPhases = (
				0442A2AF8D83D64D75677BB6 /* [CP] Check Pods Manifest.lock */,
				9FA59FD9204ADF3D00DAD23D /* Sources */,
				9FA59FDA204ADF3D00DAD23D /* Frameworks */,
				9FA59FDB204ADF3D00DAD23D /* Resources */,
				198581CE18F40ADEA2A7510F /* [CP] Embed Pods Frameworks */,
				6DB5B1A09C0598350D9CC1F5 /* [CP] Copy Pods Resources */,
			);
			buildRules = (
			);
			dependencies = (
			);
			name = JBWTest;
			productName = JBWTest;
			productReference = 9FA59FDD204ADF3D00DAD23D /* JBWTest.app */;
			productType = "com.apple.product-type.application";
		};
/* End PBXNativeTarget section */

/* Begin PBXProject section */
		9FA59FD5204ADF3D00DAD23D /* Project object */ = {
			isa = PBXProject;
			attributes = {
				LastSwiftUpdateCheck = 0920;
				LastUpgradeCheck = 0920;
				ORGANIZATIONNAME = ba9nist;
				TargetAttributes = {
					9FA59FDC204ADF3D00DAD23D = {
						CreatedOnToolsVersion = 9.2;
						ProvisioningStyle = Automatic;
					};
				};
			};
			buildConfigurationList = 9FA59FD8204ADF3D00DAD23D /* Build configuration list for PBXProject "JBWTest" */;
			compatibilityVersion = "Xcode 8.0";
			developmentRegion = en;
			hasScannedForEncodings = 0;
			knownRegions = (
				en,
				Base,
			);
			mainGroup = 9FA59FD4204ADF3D00DAD23D;
			productRefGroup = 9FA59FDE204ADF3D00DAD23D /* Products */;
			projectDirPath = "";
			projectRoot = "";
			targets = (
				9FA59FDC204ADF3D00DAD23D /* JBWTest */,
			);
		};
/* End PBXProject section */

/* Begin PBXResourcesBuildPhase section */
		9FA59FDB204ADF3D00DAD23D /* Resources */ = {
			isa = PBXResourcesBuildPhase;
			buildActionMask = 2147483647;
			files = (
				9FA59FEB204ADF3E00DAD23D /* LaunchScreen.storyboard in Resources */,
				9FA59FE8204ADF3E00DAD23D /* Assets.xcassets in Resources */,
				9FA59FE6204ADF3E00DAD23D /* Main.storyboard in Resources */,
			);
			runOnlyForDeploymentPostprocessing = 0;
		};
/* End PBXResourcesBuildPhase section */

/* Begin PBXShellScriptBuildPhase section */
		0442A2AF8D83D64D75677BB6 /* [CP] Check Pods Manifest.lock */ = {
			isa = PBXShellScriptBuildPhase;
			buildActionMask = 2147483647;
			files = (
			);
			inputPaths = (
				"${PODS_PODFILE_DIR_PATH}/Podfile.lock",
				"${PODS_ROOT}/Manifest.lock",
			);
			name = "[CP] Check Pods Manifest.lock";
			outputPaths = (
				"$(DERIVED_FILE_DIR)/Pods-JBWTest-checkManifestLockResult.txt",
			);
			runOnlyForDeploymentPostprocessing = 0;
			shellPath = /bin/sh;
			shellScript = "diff \"${PODS_PODFILE_DIR_PATH}/Podfile.lock\" \"${PODS_ROOT}/Manifest.lock\" > /dev/null\nif [ $? != 0 ] ; then\n    # print error to STDERR\n    echo \"error: The sandbox is not in sync with the Podfile.lock. Run 'pod install' or update your CocoaPods installation.\" >&2\n    exit 1\nfi\n# This output is used by Xcode 'outputs' to avoid re-running this script phase.\necho \"SUCCESS\" > \"${SCRIPT_OUTPUT_FILE_0}\"\n";
			showEnvVarsInLog = 0;
		};
		198581CE18F40ADEA2A7510F /* [CP] Embed Pods Frameworks */ = {
			isa = PBXShellScriptBuildPhase;
			buildActionMask = 2147483647;
			files = (
			);
			inputPaths = (
				"${SRCROOT}/Pods/Target Support Files/Pods-JBWTest/Pods-JBWTest-frameworks.sh",
				"${BUILT_PRODUCTS_DIR}/Alamofire/Alamofire.framework",
			);
			name = "[CP] Embed Pods Frameworks";
			outputPaths = (
				"${TARGET_BUILD_DIR}/${FRAMEWORKS_FOLDER_PATH}/Alamofire.framework",
			);
			runOnlyForDeploymentPostprocessing = 0;
			shellPath = /bin/sh;
			shellScript = "\"${SRCROOT}/Pods/Target Support Files/Pods-JBWTest/Pods-JBWTest-frameworks.sh\"\n";
			showEnvVarsInLog = 0;
		};
		6DB5B1A09C0598350D9CC1F5 /* [CP] Copy Pods Resources */ = {
			isa = PBXShellScriptBuildPhase;
			buildActionMask = 2147483647;
			files = (
			);
			inputPaths = (
			);
			name = "[CP] Copy Pods Resources";
			outputPaths = (
			);
			runOnlyForDeploymentPostprocessing = 0;
			shellPath = /bin/sh;
			shellScript = "\"${SRCROOT}/Pods/Target Support Files/Pods-JBWTest/Pods-JBWTest-resources.sh\"\n";
			showEnvVarsInLog = 0;
		};
/* End PBXShellScriptBuildPhase section */

/* Begin PBXSourcesBuildPhase section */
		9FA59FD9204ADF3D00DAD23D /* Sources */ = {
			isa = PBXSourcesBuildPhase;
			buildActionMask = 2147483647;
			files = (
				9FA59FF9204AE18200DAD23D /* LettersViewController.swift in Sources */,
				9FA59FF7204AE13B00DAD23D /* RegistrationViewController.swift in Sources */,
				9FA59FF5204AE11D00DAD23D /* LoginViewController.swift in Sources */,
				9FA59FE1204ADF3E00DAD23D /* AppDelegate.swift in Sources */,
				9FA59FFB204AF33900DAD23D /* SelectLocaleViewController.swift in Sources */,
			);
			runOnlyForDeploymentPostprocessing = 0;
		};
/* End PBXSourcesBuildPhase section */

/* Begin PBXVariantGroup section */
		9FA59FE4204ADF3E00DAD23D /* Main.storyboard */ = {
			isa = PBXVariantGroup;
			children = (
				9FA59FE5204ADF3E00DAD23D /* Base */,
			);
			name = Main.storyboard;
			sourceTree = "<group>";
		};
		9FA59FE9204ADF3E00DAD23D /* LaunchScreen.storyboard */ = {
			isa = PBXVariantGroup;
			children = (
				9FA59FEA204ADF3E00DAD23D /* Base */,
			);
			name = LaunchScreen.storyboard;
			sourceTree = "<group>";
		};
/* End PBXVariantGroup section */

/* Begin XCBuildConfiguration section */
		9FA59FED204ADF3E00DAD23D /* Debug */ = {
			isa = XCBuildConfiguration;
			buildSettings = {
				ALWAYS_SEARCH_USER_PATHS = NO;
				CLANG_ANALYZER_NONNULL = YES;
				CLANG_ANALYZER_NUMBER_OBJECT_CONVERSION = YES_AGGRESSIVE;
				CLANG_CXX_LANGUAGE_STANDARD = "gnu++14";
				CLANG_CXX_LIBRARY = "libc++";
				CLANG_ENABLE_MODULES = YES;
				CLANG_ENABLE_OBJC_ARC = YES;
				CLANG_WARN_BLOCK_CAPTURE_AUTORELEASING = YES;
				CLANG_WARN_BOOL_CONVERSION = YES;
				CLANG_WARN_COMMA = YES;
				CLANG_WARN_CONSTANT_CONVERSION = YES;
				CLANG_WARN_DIRECT_OBJC_ISA_USAGE = YES_ERROR;
				CLANG_WARN_DOCUMENTATION_COMMENTS = YES;
				CLANG_WARN_EMPTY_BODY = YES;
				CLANG_WARN_ENUM_CONVERSION = YES;
				CLANG_WARN_INFINITE_RECURSION = YES;
				CLANG_WARN_INT_CONVERSION = YES;
				CLANG_WARN_NON_LITERAL_NULL_CONVERSION = YES;
				CLANG_WARN_OBJC_LITERAL_CONVERSION = YES;
				CLANG_WARN_OBJC_ROOT_CLASS = YES_ERROR;
				CLANG_WARN_RANGE_LOOP_ANALYSIS = YES;
				CLANG_WARN_STRICT_PROTOTYPES = YES;
				CLANG_WARN_SUSPICIOUS_MOVE = YES;
				CLANG_WARN_UNGUARDED_AVAILABILITY = YES_AGGRESSIVE;
				CLANG_WARN_UNREACHABLE_CODE = YES;
				CLANG_WARN__DUPLICATE_METHOD_MATCH = YES;
				CODE_SIGN_IDENTITY = "iPhone Developer";
				COPY_PHASE_STRIP = NO;
				DEBUG_INFORMATION_FORMAT = dwarf;
				ENABLE_STRICT_OBJC_MSGSEND = YES;
				ENABLE_TESTABILITY = YES;
				GCC_C_LANGUAGE_STANDARD = gnu11;
				GCC_DYNAMIC_NO_PIC = NO;
				GCC_NO_COMMON_BLOCKS = YES;
				GCC_OPTIMIZATION_LEVEL = 0;
				GCC_PREPROCESSOR_DEFINITIONS = (
					"DEBUG=1",
					"$(inherited)",
				);
				GCC_WARN_64_TO_32_BIT_CONVERSION = YES;
				GCC_WARN_ABOUT_RETURN_TYPE = YES_ERROR;
				GCC_WARN_UNDECLARED_SELECTOR = YES;
				GCC_WARN_UNINITIALIZED_AUTOS = YES_AGGRESSIVE;
				GCC_WARN_UNUSED_FUNCTION = YES;
				GCC_WARN_UNUSED_VARIABLE = YES;
				IPHONEOS_DEPLOYMENT_TARGET = 11.2;
				MTL_ENABLE_DEBUG_INFO = YES;
				ONLY_ACTIVE_ARCH = YES;
				SDKROOT = iphoneos;
				SWIFT_ACTIVE_COMPILATION_CONDITIONS = DEBUG;
				SWIFT_OPTIMIZATION_LEVEL = "-Onone";
			};
			name = Debug;
		};
		9FA59FEE204ADF3E00DAD23D /* Release */ = {
			isa = XCBuildConfiguration;
			buildSettings = {
				ALWAYS_SEARCH_USER_PATHS = NO;
				CLANG_ANALYZER_NONNULL = YES;
				CLANG_ANALYZER_NUMBER_OBJECT_CONVERSION = YES_AGGRESSIVE;
				CLANG_CXX_LANGUAGE_STANDARD = "gnu++14";
				CLANG_CXX_LIBRARY = "libc++";
				CLANG_ENABLE_MODULES = YES;
				CLANG_ENABLE_OBJC_ARC = YES;
				CLANG_WARN_BLOCK_CAPTURE_AUTORELEASING = YES;
				CLANG_WARN_BOOL_CONVERSION = YES;
				CLANG_WARN_COMMA = YES;
				CLANG_WARN_CONSTANT_CONVERSION = YES;
				CLANG_WARN_DIRECT_OBJC_ISA_USAGE = YES_ERROR;
				CLANG_WARN_DOCUMENTATION_COMMENTS = YES;
				CLANG_WARN_EMPTY_BODY = YES;
				CLANG_WARN_ENUM_CONVERSION = YES;
				CLANG_WARN_INFINITE_RECURSION = YES;
				CLANG_WARN_INT_CONVERSION = YES;
				CLANG_WARN_NON_LITERAL_NULL_CONVERSION = YES;
				CLANG_WARN_OBJC_LITERAL_CONVERSION = YES;
				CLANG_WARN_OBJC_ROOT_CLASS = YES_ERROR;
				CLANG_WARN_RANGE_LOOP_ANALYSIS = YES;
				CLANG_WARN_STRICT_PROTOTYPES = YES;
				CLANG_WARN_SUSPICIOUS_MOVE = YES;
				CLANG_WARN_UNGUARDED_AVAILABILITY = YES_AGGRESSIVE;
				CLANG_WARN_UNREACHABLE_CODE = YES;
				CLANG_WARN__DUPLICATE_METHOD_MATCH = YES;
				CODE_SIGN_IDENTITY = "iPhone Developer";
				COPY_PHASE_STRIP = NO;
				DEBUG_INFORMATION_FORMAT = "dwarf-with-dsym";
				ENABLE_NS_ASSERTIONS = NO;
				ENABLE_STRICT_OBJC_MSGSEND = YES;
				GCC_C_LANGUAGE_STANDARD = gnu11;
				GCC_NO_COMMON_BLOCKS = YES;
				GCC_WARN_64_TO_32_BIT_CONVERSION = YES;
				GCC_WARN_ABOUT_RETURN_TYPE = YES_ERROR;
				GCC_WARN_UNDECLARED_SELECTOR = YES;
				GCC_WARN_UNINITIALIZED_AUTOS = YES_AGGRESSIVE;
				GCC_WARN_UNUSED_FUNCTION = YES;
				GCC_WARN_UNUSED_VARIABLE = YES;
				IPHONEOS_DEPLOYMENT_TARGET = 11.2;
				MTL_ENABLE_DEBUG_INFO = NO;
				SDKROOT = iphoneos;
				SWIFT_OPTIMIZATION_LEVEL = "-Owholemodule";
				VALIDATE_PRODUCT = YES;
			};
			name = Release;
		};
		9FA59FF0204ADF3E00DAD23D /* Debug */ = {
			isa = XCBuildConfiguration;
			baseConfigurationReference = E41DD0B8C5FA9C6498B07824 /* Pods-JBWTest.debug.xcconfig */;
			buildSettings = {
				ASSETCATALOG_COMPILER_APPICON_NAME = AppIcon;
				CODE_SIGN_STYLE = Automatic;
				DEVELOPMENT_TEAM = BDLJMY9TJ7;
				INFOPLIST_FILE = JBWTest/Info.plist;
				LD_RUNPATH_SEARCH_PATHS = "$(inherited) @executable_path/Frameworks";
				PRODUCT_BUNDLE_IDENTIFIER = com.ba9nist.JBWTest;
				PRODUCT_NAME = "$(TARGET_NAME)";
				SWIFT_VERSION = 4.0;
				TARGETED_DEVICE_FAMILY = "1,2";
			};
			name = Debug;
		};
		9FA59FF1204ADF3E00DAD23D /* Release */ = {
			isa = XCBuildConfiguration;
			baseConfigurationReference = ACC5DB1FDA746F3D2E11EDB6 /* Pods-JBWTest.release.xcconfig */;
			buildSettings = {
				ASSETCATALOG_COMPILER_APPICON_NAME = AppIcon;
				CODE_SIGN_STYLE = Automatic;
				DEVELOPMENT_TEAM = BDLJMY9TJ7;
				INFOPLIST_FILE = JBWTest/Info.plist;
				LD_RUNPATH_SEARCH_PATHS = "$(inherited) @executable_path/Frameworks";
				PRODUCT_BUNDLE_IDENTIFIER = com.ba9nist.JBWTest;
				PRODUCT_NAME = "$(TARGET_NAME)";
				SWIFT_VERSION = 4.0;
				TARGETED_DEVICE_FAMILY = "1,2";
			};
			name = Release;
		};
/* End XCBuildConfiguration section */

/* Begin XCConfigurationList section */
		9FA59FD8204ADF3D00DAD23D /* Build configuration list for PBXProject "JBWTest" */ = {
			isa = XCConfigurationList;
			buildConfigurations = (
				9FA59FED204ADF3E00DAD23D /* Debug */,
				9FA59FEE204ADF3E00DAD23D /* Release */,
			);
			defaultConfigurationIsVisible = 0;
			defaultConfigurationName = Release;
		};
		9FA59FEF204ADF3E00DAD23D /* Build configuration list for PBXNativeTarget "JBWTest" */ = {
			isa = XCConfigurationList;
			buildConfigurations = (
				9FA59FF0204ADF3E00DAD23D /* Debug */,
				9FA59FF1204ADF3E00DAD23D /* Release */,
			);
			defaultConfigurationIsVisible = 0;
			defaultConfigurationName = Release;
		};
/* End XCConfigurationList section */
	};
	rootObject = 9FA59FD5204ADF3D00DAD23D /* Project object */;
}
